
Microsoft Visual Studio Solution File, Format Version 12.00
# Visual Studio Version 17
VisualStudioVersion = 17.5.33627.172
MinimumVisualStudioVersion = 10.0.40219.1
Project("{FAE04EC0-301F-11D3-BF4B-00C04F79EFBC}") = "BusinessObject", "BusinessObject\BusinessObject.csproj", "{F8B8AECB-2425-434C-B780-3D46BC9273F8}"
EndProject
Project("{FAE04EC0-301F-11D3-BF4B-00C04F79EFBC}") = "DataAccess", "DataAccess\DataAccess.csproj", "{5B254149-37F1-41AB-AFF8-A47B1889DED7}"
EndProject
Project("{FAE04EC0-301F-11D3-BF4B-00C04F79EFBC}") = "API", "API\API.csproj", "{1076D861-EC40-4CD6-925B-EF6239FE26DF}"
EndProject
Global
	GlobalSection(SolutionConfigurationPlatforms) = preSolution
		Debug|Any CPU = Debug|Any CPU
		Release|Any CPU = Release|Any CPU
	EndGlobalSection
	GlobalSection(ProjectConfigurationPlatforms) = postSolution
		{F8B8AECB-2425-434C-B780-3D46BC9273F8}.Debug|Any CPU.ActiveCfg = Debug|Any CPU
		{F8B8AECB-2425-434C-B780-3D46BC9273F8}.Debug|Any CPU.Build.0 = Debug|Any CPU
		{F8B8AECB-2425-434C-B780-3D46BC9273F8}.Release|Any CPU.ActiveCfg = Release|Any CPU
		{F8B8AECB-2425-434C-B780-3D46BC9273F8}.Release|Any CPU.Build.0 = Release|Any CPU
		{5B254149-37F1-41AB-AFF8-A47B1889DED7}.Debug|Any CPU.ActiveCfg = Debug|Any CPU
		{5B254149-37F1-41AB-AFF8-A47B1889DED7}.Debug|Any CPU.Build.0 = Debug|Any CPU
		{5B254149-37F1-41AB-AFF8-A47B1889DED7}.Release|Any CPU.ActiveCfg = Release|Any CPU
		{5B254149-37F1-41AB-AFF8-A47B1889DED7}.Release|Any CPU.Build.0 = Release|Any CPU
		{1076D861-EC40-4CD6-925B-EF6239FE26DF}.Debug|Any CPU.ActiveCfg = Debug|Any CPU
		{1076D861-EC40-4CD6-925B-EF6239FE26DF}.Debug|Any CPU.Build.0 = Debug|Any CPU
		{1076D861-EC40-4CD6-925B-EF6239FE26DF}.Release|Any CPU.ActiveCfg = Release|Any CPU
		{1076D861-EC40-4CD6-925B-EF6239FE26DF}.Release|Any CPU.Build.0 = Release|Any CPU
	EndGlobalSection
	GlobalSection(SolutionProperties) = preSolution
		HideSolutionNode = FALSE
	EndGlobalSection
	GlobalSection(ExtensibilityGlobals) = postSolution
		SolutionGuid = {9ADBDAC3-6648-4460-985A-C0C3ED48EC38}
	EndGlobalSection
EndGlobal
